
Microsoft Visual Studio Solution File, Format Version 12.00
# Visual Studio Version 17
VisualStudioVersion = 17.14.36429.23
MinimumVisualStudioVersion = 10.0.40219.1
Project("{FAE04EC0-301F-11D3-BF4B-00C04F79EFBC}") = "Maple.Game.Zaohua.Metadata", "Maple.Game.Zaohua.Metadata\Maple.Game.Zaohua.Metadata.csproj", "{99AE9CD9-9AE2-4EE2-9850-CF5032F289BE}"
EndProject
Project("{FAE04EC0-301F-11D3-BF4B-00C04F79EFBC}") = "Maple.Game.Zaohua.Win", "Maple.Game.Zaohua.Win\Maple.Game.Zaohua.Win.csproj", "{82DFC4ED-4333-49A6-9765-E678D2543D4E}"
EndProject
Global
	GlobalSection(SolutionConfigurationPlatforms) = preSolution
		Debug|Any CPU = Debug|Any CPU
		Release|Any CPU = Release|Any CPU
	EndGlobalSection
	GlobalSection(ProjectConfigurationPlatforms) = postSolution
		{99AE9CD9-9AE2-4EE2-9850-CF5032F289BE}.Debug|Any CPU.ActiveCfg = Debug|Any CPU
		{99AE9CD9-9AE2-4EE2-9850-CF5032F289BE}.Debug|Any CPU.Build.0 = Debug|Any CPU
		{99AE9CD9-9AE2-4EE2-9850-CF5032F289BE}.Release|Any CPU.ActiveCfg = Release|Any CPU
		{99AE9CD9-9AE2-4EE2-9850-CF5032F289BE}.Release|Any CPU.Build.0 = Release|Any CPU
		{82DFC4ED-4333-49A6-9765-E678D2543D4E}.Debug|Any CPU.ActiveCfg = Debug|Any CPU
		{82DFC4ED-4333-49A6-9765-E678D2543D4E}.Debug|Any CPU.Build.0 = Debug|Any CPU
		{82DFC4ED-4333-49A6-9765-E678D2543D4E}.Release|Any CPU.ActiveCfg = Release|Any CPU
		{82DFC4ED-4333-49A6-9765-E678D2543D4E}.Release|Any CPU.Build.0 = Release|Any CPU
	EndGlobalSection
	GlobalSection(SolutionProperties) = preSolution
		HideSolutionNode = FALSE
	EndGlobalSection
	GlobalSection(ExtensibilityGlobals) = postSolution
		SolutionGuid = {C36CA554-D09E-44AE-8C5A-9EAB74B9EB09}
	EndGlobalSection
EndGlobal
